
Microsoft Visual Studio Solution File, Format Version 12.00
# Visual Studio Version 17
VisualStudioVersion = 17.9.34723.18
MinimumVisualStudioVersion = 10.0.40219.1
Project("{FAE04EC0-301F-11D3-BF4B-00C04F79EFBC}") = "ProxyPool", "ProxyPool\ProxyPool.csproj", "{1097D1B9-1CCB-4610-A020-21B07048D507}"
EndProject
Global
	GlobalSection(SolutionConfigurationPlatforms) = preSolution
		Debug|Any CPU = Debug|Any CPU
		Release|Any CPU = Release|Any CPU
	EndGlobalSection
	GlobalSection(ProjectConfigurationPlatforms) = postSolution
		{1097D1B9-1CCB-4610-A020-21B07048D507}.Debug|Any CPU.ActiveCfg = Debug|Any CPU
		{1097D1B9-1CCB-4610-A020-21B07048D507}.Debug|Any CPU.Build.0 = Debug|Any CPU
		{1097D1B9-1CCB-4610-A020-21B07048D507}.Release|Any CPU.ActiveCfg = Release|Any CPU
		{1097D1B9-1CCB-4610-A020-21B07048D507}.Release|Any CPU.Build.0 = Release|Any CPU
	EndGlobalSection
	GlobalSection(SolutionProperties) = preSolution
		HideSolutionNode = FALSE
	EndGlobalSection
	GlobalSection(ExtensibilityGlobals) = postSolution
		SolutionGuid = {510732B8-A2B4-41F0-90A7-62A08B566820}
	EndGlobalSection
EndGlobal
